
Microsoft Visual Studio Solution File, Format Version 12.00
# Visual Studio Version 17
VisualStudioVersion = 17.0.31912.275
MinimumVisualStudioVersion = 10.0.40219.1
Project("{FAE04EC0-301F-11D3-BF4B-00C04F79EFBC}") = "CodingTests", "CodingTests\CodingTests.csproj", "{9807BB9D-CA4E-4469-B123-69249E4BBD40}"
EndProject
Project("{FAE04EC0-301F-11D3-BF4B-00C04F79EFBC}") = "CodingTests.Tests", "CodingTests.Tests\CodingTests.Tests.csproj", "{287C16DE-C547-42D1-89E2-A7B4BD8DBC07}"
EndProject
Global
	GlobalSection(SolutionConfigurationPlatforms) = preSolution
		Debug|Any CPU = Debug|Any CPU
		Release|Any CPU = Release|Any CPU
	EndGlobalSection
	GlobalSection(ProjectConfigurationPlatforms) = postSolution
		{9807BB9D-CA4E-4469-B123-69249E4BBD40}.Debug|Any CPU.ActiveCfg = Debug|Any CPU
		{9807BB9D-CA4E-4469-B123-69249E4BBD40}.Debug|Any CPU.Build.0 = Debug|Any CPU
		{9807BB9D-CA4E-4469-B123-69249E4BBD40}.Release|Any CPU.ActiveCfg = Release|Any CPU
		{9807BB9D-CA4E-4469-B123-69249E4BBD40}.Release|Any CPU.Build.0 = Release|Any CPU
		{287C16DE-C547-42D1-89E2-A7B4BD8DBC07}.Debug|Any CPU.ActiveCfg = Debug|Any CPU
		{287C16DE-C547-42D1-89E2-A7B4BD8DBC07}.Debug|Any CPU.Build.0 = Debug|Any CPU
		{287C16DE-C547-42D1-89E2-A7B4BD8DBC07}.Release|Any CPU.ActiveCfg = Release|Any CPU
		{287C16DE-C547-42D1-89E2-A7B4BD8DBC07}.Release|Any CPU.Build.0 = Release|Any CPU
	EndGlobalSection
	GlobalSection(SolutionProperties) = preSolution
		HideSolutionNode = FALSE
	EndGlobalSection
	GlobalSection(ExtensibilityGlobals) = postSolution
		SolutionGuid = {59BF19B5-DFF6-4C84-8DA4-3E1B36D4E018}
	EndGlobalSection
EndGlobal
